// !$*UTF8*$!
{
	archiveVersion = 1;
	classes = {
	};
	objectVersion = 56;
	objects = {

/* Begin PBXBuildFile section */
		410836042A114ABD001D4DE2 /* AuthHeaderView.swift in Sources */ = {isa = PBXBuildFile; fileRef = 410836032A114ABD001D4DE2 /* AuthHeaderView.swift */; };
		410836072A114C4E001D4DE2 /* OnBoardingViewController.swift in Sources */ = {isa = PBXBuildFile; fileRef = 410836062A114C4E001D4DE2 /* OnBoardingViewController.swift */; };
		410836092A114CD3001D4DE2 /* CustomButton.swift in Sources */ = {isa = PBXBuildFile; fileRef = 410836082A114CD2001D4DE2 /* CustomButton.swift */; };
		4108360B2A114D19001D4DE2 /* CustomTextField.swift in Sources */ = {isa = PBXBuildFile; fileRef = 4108360A2A114D19001D4DE2 /* CustomTextField.swift */; };
		4108360E2A114DBB001D4DE2 /* ForgetPasswordController.swift in Sources */ = {isa = PBXBuildFile; fileRef = 4108360D2A114DBB001D4DE2 /* ForgetPasswordController.swift */; };
		410836102A114DE6001D4DE2 /* HomeController.swift in Sources */ = {isa = PBXBuildFile; fileRef = 4108360F2A114DE6001D4DE2 /* HomeController.swift */; };
		410836122A114E0C001D4DE2 /* LoginController.swift in Sources */ = {isa = PBXBuildFile; fileRef = 410836112A114E0C001D4DE2 /* LoginController.swift */; };
		410836142A114E54001D4DE2 /* RegisterController.swift in Sources */ = {isa = PBXBuildFile; fileRef = 410836132A114E54001D4DE2 /* RegisterController.swift */; };
		410836162A13E8D0001D4DE2 /* LoadingView.swift in Sources */ = {isa = PBXBuildFile; fileRef = 410836152A13E8D0001D4DE2 /* LoadingView.swift */; };
		410836182A13EC60001D4DE2 /* GoogleService-Info.plist in Resources */ = {isa = PBXBuildFile; fileRef = 410836172A13EC60001D4DE2 /* GoogleService-Info.plist */; };
		4108361C2A13F65A001D4DE2 /* AuthService.swift in Sources */ = {isa = PBXBuildFile; fileRef = 4108361B2A13F65A001D4DE2 /* AuthService.swift */; };
		4108361E2A13F6AA001D4DE2 /* AlertManager.swift in Sources */ = {isa = PBXBuildFile; fileRef = 4108361D2A13F6AA001D4DE2 /* AlertManager.swift */; };
		410836202A13F6F6001D4DE2 /* Validator.swift in Sources */ = {isa = PBXBuildFile; fileRef = 4108361F2A13F6F6001D4DE2 /* Validator.swift */; };
		410836232A13F74C001D4DE2 /* User.swift in Sources */ = {isa = PBXBuildFile; fileRef = 410836222A13F74C001D4DE2 /* User.swift */; };
		410836262A13FC7E001D4DE2 /* FirebaseAuth in Frameworks */ = {isa = PBXBuildFile; productRef = 410836252A13FC7E001D4DE2 /* FirebaseAuth */; };
		410836282A13FC7E001D4DE2 /* FirebaseFirestore in Frameworks */ = {isa = PBXBuildFile; productRef = 410836272A13FC7E001D4DE2 /* FirebaseFirestore */; };
		4108362A2A13FC7E001D4DE2 /* FirebaseStorage in Frameworks */ = {isa = PBXBuildFile; productRef = 410836292A13FC7E001D4DE2 /* FirebaseStorage */; };
		4108362C2A152C07001D4DE2 /* CustomTextView.swift in Sources */ = {isa = PBXBuildFile; fileRef = 4108362B2A152C07001D4DE2 /* CustomTextView.swift */; };
		4108362E2A152CC1001D4DE2 /* GenderSelectionButton.swift in Sources */ = {isa = PBXBuildFile; fileRef = 4108362D2A152CC1001D4DE2 /* GenderSelectionButton.swift */; };
		410836302A152D5E001D4DE2 /* WorkoutView.swift in Sources */ = {isa = PBXBuildFile; fileRef = 4108362F2A152D5E001D4DE2 /* WorkoutView.swift */; };
		410836322A152DBD001D4DE2 /* SelectGenderViewController.swift in Sources */ = {isa = PBXBuildFile; fileRef = 410836312A152DBD001D4DE2 /* SelectGenderViewController.swift */; };
		410836342A152EAC001D4DE2 /* SelectAgeViewController.swift in Sources */ = {isa = PBXBuildFile; fileRef = 410836332A152EAC001D4DE2 /* SelectAgeViewController.swift */; };
		410836372A15F11A001D4DE2 /* Workout.swift in Sources */ = {isa = PBXBuildFile; fileRef = 410836362A15F11A001D4DE2 /* Workout.swift */; };
		410836392A15F17D001D4DE2 /* ScheduleViewController.swift in Sources */ = {isa = PBXBuildFile; fileRef = 410836382A15F17D001D4DE2 /* ScheduleViewController.swift */; };
		4108363C2A15F401001D4DE2 /* CustomTabBarController.swift in Sources */ = {isa = PBXBuildFile; fileRef = 4108363B2A15F401001D4DE2 /* CustomTabBarController.swift */; };
		4108363E2A15F475001D4DE2 /* ProfileViewController.swift in Sources */ = {isa = PBXBuildFile; fileRef = 4108363D2A15F475001D4DE2 /* ProfileViewController.swift */; };
		410836402A15F600001D4DE2 /* WorkoutsCardView.swift in Sources */ = {isa = PBXBuildFile; fileRef = 4108363F2A15F600001D4DE2 /* WorkoutsCardView.swift */; };
		41A9195E2A06751B007495F2 /* AppDelegate.swift in Sources */ = {isa = PBXBuildFile; fileRef = 41A9195D2A06751B007495F2 /* AppDelegate.swift */; };
		41A919602A06751B007495F2 /* SceneDelegate.swift in Sources */ = {isa = PBXBuildFile; fileRef = 41A9195F2A06751B007495F2 /* SceneDelegate.swift */; };
		41A919672A06751D007495F2 /* Assets.xcassets in Resources */ = {isa = PBXBuildFile; fileRef = 41A919662A06751D007495F2 /* Assets.xcassets */; };
		41A9196A2A06751D007495F2 /* LaunchScreen.storyboard in Resources */ = {isa = PBXBuildFile; fileRef = 41A919682A06751D007495F2 /* LaunchScreen.storyboard */; };
/* End PBXBuildFile section */

/* Begin PBXFileReference section */
		410836032A114ABD001D4DE2 /* AuthHeaderView.swift */ = {isa = PBXFileReference; lastKnownFileType = sourcecode.swift; path = AuthHeaderView.swift; sourceTree = "<group>"; };
		410836062A114C4E001D4DE2 /* OnBoardingViewController.swift */ = {isa = PBXFileReference; lastKnownFileType = sourcecode.swift; path = OnBoardingViewController.swift; sourceTree = "<group>"; };
		410836082A114CD2001D4DE2 /* CustomButton.swift */ = {isa = PBXFileReference; lastKnownFileType = sourcecode.swift; path = CustomButton.swift; sourceTree = "<group>"; };
		4108360A2A114D19001D4DE2 /* CustomTextField.swift */ = {isa = PBXFileReference; lastKnownFileType = sourcecode.swift; path = CustomTextField.swift; sourceTree = "<group>"; };
		4108360D2A114DBB001D4DE2 /* ForgetPasswordController.swift */ = {isa = PBXFileReference; lastKnownFileType = sourcecode.swift; path = ForgetPasswordController.swift; sourceTree = "<group>"; };
		4108360F2A114DE6001D4DE2 /* HomeController.swift */ = {isa = PBXFileReference; lastKnownFileType = sourcecode.swift; path = HomeController.swift; sourceTree = "<group>"; };
		410836112A114E0C001D4DE2 /* LoginController.swift */ = {isa = PBXFileReference; lastKnownFileType = sourcecode.swift; path = LoginController.swift; sourceTree = "<group>"; };
		410836132A114E54001D4DE2 /* RegisterController.swift */ = {isa = PBXFileReference; lastKnownFileType = sourcecode.swift; path = RegisterController.swift; sourceTree = "<group>"; };
		410836152A13E8D0001D4DE2 /* LoadingView.swift */ = {isa = PBXFileReference; lastKnownFileType = sourcecode.swift; path = LoadingView.swift; sourceTree = "<group>"; };
		410836172A13EC60001D4DE2 /* GoogleService-Info.plist */ = {isa = PBXFileReference; fileEncoding = 4; lastKnownFileType = text.plist.xml; path = "GoogleService-Info.plist"; sourceTree = "<group>"; };
		4108361B2A13F65A001D4DE2 /* AuthService.swift */ = {isa = PBXFileReference; lastKnownFileType = sourcecode.swift; path = AuthService.swift; sourceTree = "<group>"; };
		4108361D2A13F6AA001D4DE2 /* AlertManager.swift */ = {isa = PBXFileReference; lastKnownFileType = sourcecode.swift; path = AlertManager.swift; sourceTree = "<group>"; };
		4108361F2A13F6F6001D4DE2 /* Validator.swift */ = {isa = PBXFileReference; lastKnownFileType = sourcecode.swift; path = Validator.swift; sourceTree = "<group>"; };
		410836222A13F74C001D4DE2 /* User.swift */ = {isa = PBXFileReference; lastKnownFileType = sourcecode.swift; path = User.swift; sourceTree = "<group>"; };
		4108362B2A152C07001D4DE2 /* CustomTextView.swift */ = {isa = PBXFileReference; lastKnownFileType = sourcecode.swift; path = CustomTextView.swift; sourceTree = "<group>"; };
		4108362D2A152CC1001D4DE2 /* GenderSelectionButton.swift */ = {isa = PBXFileReference; lastKnownFileType = sourcecode.swift; path = GenderSelectionButton.swift; sourceTree = "<group>"; };
		4108362F2A152D5E001D4DE2 /* WorkoutView.swift */ = {isa = PBXFileReference; lastKnownFileType = sourcecode.swift; path = WorkoutView.swift; sourceTree = "<group>"; };
		410836312A152DBD001D4DE2 /* SelectGenderViewController.swift */ = {isa = PBXFileReference; lastKnownFileType = sourcecode.swift; path = SelectGenderViewController.swift; sourceTree = "<group>"; };
		410836332A152EAC001D4DE2 /* SelectAgeViewController.swift */ = {isa = PBXFileReference; lastKnownFileType = sourcecode.swift; path = SelectAgeViewController.swift; sourceTree = "<group>"; };
		410836362A15F11A001D4DE2 /* Workout.swift */ = {isa = PBXFileReference; lastKnownFileType = sourcecode.swift; path = Workout.swift; sourceTree = "<group>"; };
		410836382A15F17D001D4DE2 /* ScheduleViewController.swift */ = {isa = PBXFileReference; lastKnownFileType = sourcecode.swift; path = ScheduleViewController.swift; sourceTree = "<group>"; };
		4108363B2A15F401001D4DE2 /* CustomTabBarController.swift */ = {isa = PBXFileReference; lastKnownFileType = sourcecode.swift; path = CustomTabBarController.swift; sourceTree = "<group>"; };
		4108363D2A15F475001D4DE2 /* ProfileViewController.swift */ = {isa = PBXFileReference; lastKnownFileType = sourcecode.swift; path = ProfileViewController.swift; sourceTree = "<group>"; };
		4108363F2A15F600001D4DE2 /* WorkoutsCardView.swift */ = {isa = PBXFileReference; lastKnownFileType = sourcecode.swift; path = WorkoutsCardView.swift; sourceTree = "<group>"; };
		41A9195A2A06751B007495F2 /* iOS CW - COBSCCOMP212P-060.app */ = {isa = PBXFileReference; explicitFileType = wrapper.application; includeInIndex = 0; path = "iOS CW - COBSCCOMP212P-060.app"; sourceTree = BUILT_PRODUCTS_DIR; };
		41A9195D2A06751B007495F2 /* AppDelegate.swift */ = {isa = PBXFileReference; lastKnownFileType = sourcecode.swift; path = AppDelegate.swift; sourceTree = "<group>"; };
		41A9195F2A06751B007495F2 /* SceneDelegate.swift */ = {isa = PBXFileReference; lastKnownFileType = sourcecode.swift; path = SceneDelegate.swift; sourceTree = "<group>"; };
		41A919662A06751D007495F2 /* Assets.xcassets */ = {isa = PBXFileReference; lastKnownFileType = folder.assetcatalog; path = Assets.xcassets; sourceTree = "<group>"; };
		41A919692A06751D007495F2 /* Base */ = {isa = PBXFileReference; lastKnownFileType = file.storyboard; name = Base; path = Base.lproj/LaunchScreen.storyboard; sourceTree = "<group>"; };
		41A9196B2A06751D007495F2 /* Info.plist */ = {isa = PBXFileReference; lastKnownFileType = text.plist.xml; path = Info.plist; sourceTree = "<group>"; };
/* End PBXFileReference section */

/* Begin PBXFrameworksBuildPhase section */
		41A919572A06751B007495F2 /* Frameworks */ = {
			isa = PBXFrameworksBuildPhase;
			buildActionMask = 2147483647;
			files = (
				410836262A13FC7E001D4DE2 /* FirebaseAuth in Frameworks */,
				410836282A13FC7E001D4DE2 /* FirebaseFirestore in Frameworks */,
				4108362A2A13FC7E001D4DE2 /* FirebaseStorage in Frameworks */,
			);
			runOnlyForDeploymentPostprocessing = 0;
		};
/* End PBXFrameworksBuildPhase section */

/* Begin PBXGroup section */
		410836022A114A93001D4DE2 /* Views */ = {
			isa = PBXGroup;
			children = (
				410836032A114ABD001D4DE2 /* AuthHeaderView.swift */,
				410836082A114CD2001D4DE2 /* CustomButton.swift */,
				4108360A2A114D19001D4DE2 /* CustomTextField.swift */,
				410836152A13E8D0001D4DE2 /* LoadingView.swift */,
				4108362B2A152C07001D4DE2 /* CustomTextView.swift */,
				4108362D2A152CC1001D4DE2 /* GenderSelectionButton.swift */,
				4108362F2A152D5E001D4DE2 /* WorkoutView.swift */,
				4108363F2A15F600001D4DE2 /* WorkoutsCardView.swift */,
			);
			path = Views;
			sourceTree = "<group>";
		};
		410836052A114C0B001D4DE2 /* Controller */ = {
			isa = PBXGroup;
			children = (
				4108363A2A15F3AA001D4DE2 /* BottomNavigationController */,
				410836062A114C4E001D4DE2 /* OnBoardingViewController.swift */,
				4108360D2A114DBB001D4DE2 /* ForgetPasswordController.swift */,
				410836112A114E0C001D4DE2 /* LoginController.swift */,
				410836132A114E54001D4DE2 /* RegisterController.swift */,
				410836312A152DBD001D4DE2 /* SelectGenderViewController.swift */,
				410836332A152EAC001D4DE2 /* SelectAgeViewController.swift */,
			);
			path = Controller;
			sourceTree = "<group>";
		};
		4108360C2A114D63001D4DE2 /* Supporting */ = {
			isa = PBXGroup;
			children = (
				410836172A13EC60001D4DE2 /* GoogleService-Info.plist */,
				41A9195D2A06751B007495F2 /* AppDelegate.swift */,
				41A9195F2A06751B007495F2 /* SceneDelegate.swift */,
				41A919662A06751D007495F2 /* Assets.xcassets */,
				41A919682A06751D007495F2 /* LaunchScreen.storyboard */,
			);
			path = Supporting;
			sourceTree = "<group>";
		};
		410836212A13F72A001D4DE2 /* Model */ = {
			isa = PBXGroup;
			children = (
				410836222A13F74C001D4DE2 /* User.swift */,
				410836362A15F11A001D4DE2 /* Workout.swift */,
			);
			path = Model;
			sourceTree = "<group>";
		};
		4108363A2A15F3AA001D4DE2 /* BottomNavigationController */ = {
			isa = PBXGroup;
			children = (
				4108363B2A15F401001D4DE2 /* CustomTabBarController.swift */,
				4108360F2A114DE6001D4DE2 /* HomeController.swift */,
				410836382A15F17D001D4DE2 /* ScheduleViewController.swift */,
				4108363D2A15F475001D4DE2 /* ProfileViewController.swift */,
			);
			path = BottomNavigationController;
			sourceTree = "<group>";
		};
		41A919512A06751B007495F2 = {
			isa = PBXGroup;
			children = (
				41A9195C2A06751B007495F2 /* iOS CW - COBSCCOMP212P-060 */,
				41A9195B2A06751B007495F2 /* Products */,
			);
			sourceTree = "<group>";
		};
		41A9195B2A06751B007495F2 /* Products */ = {
			isa = PBXGroup;
			children = (
				41A9195A2A06751B007495F2 /* iOS CW - COBSCCOMP212P-060.app */,
			);
			name = Products;
			sourceTree = "<group>";
		};
		41A9195C2A06751B007495F2 /* iOS CW - COBSCCOMP212P-060 */ = {
			isa = PBXGroup;
			children = (
				4108361B2A13F65A001D4DE2 /* AuthService.swift */,
				4108361D2A13F6AA001D4DE2 /* AlertManager.swift */,
				410836212A13F72A001D4DE2 /* Model */,
				4108361F2A13F6F6001D4DE2 /* Validator.swift */,
				4108360C2A114D63001D4DE2 /* Supporting */,
				410836052A114C0B001D4DE2 /* Controller */,
				410836022A114A93001D4DE2 /* Views */,
				41A9196B2A06751D007495F2 /* Info.plist */,
			);
			path = "iOS CW - COBSCCOMP212P-060";
			sourceTree = "<group>";
		};
/* End PBXGroup section */

/* Begin PBXNativeTarget section */
		41A919592A06751B007495F2 /* iOS CW - COBSCCOMP212P-060 */ = {
			isa = PBXNativeTarget;
			buildConfigurationList = 41A9196E2A06751D007495F2 /* Build configuration list for PBXNativeTarget "iOS CW - COBSCCOMP212P-060" */;
			buildPhases = (
				41A919562A06751B007495F2 /* Sources */,
				41A919572A06751B007495F2 /* Frameworks */,
				41A919582A06751B007495F2 /* Resources */,
			);
			buildRules = (
			);
			dependencies = (
			);
			name = "iOS CW - COBSCCOMP212P-060";
			packageProductDependencies = (
				410836252A13FC7E001D4DE2 /* FirebaseAuth */,
				410836272A13FC7E001D4DE2 /* FirebaseFirestore */,
				410836292A13FC7E001D4DE2 /* FirebaseStorage */,
			);
			productName = "iOS CW - COBSCCOMP212P-060";
			productReference = 41A9195A2A06751B007495F2 /* iOS CW - COBSCCOMP212P-060.app */;
			productType = "com.apple.product-type.application";
		};
/* End PBXNativeTarget section */

/* Begin PBXProject section */
		41A919522A06751B007495F2 /* Project object */ = {
			isa = PBXProject;
			attributes = {
				BuildIndependentTargetsInParallel = 1;
				LastSwiftUpdateCheck = 1420;
				LastUpgradeCheck = 1420;
				TargetAttributes = {
					41A919592A06751B007495F2 = {
						CreatedOnToolsVersion = 14.2;
					};
				};
			};
			buildConfigurationList = 41A919552A06751B007495F2 /* Build configuration list for PBXProject "iOS CW - COBSCCOMP212P-060" */;
			compatibilityVersion = "Xcode 14.0";
			developmentRegion = en;
			hasScannedForEncodings = 0;
			knownRegions = (
				en,
				Base,
			);
			mainGroup = 41A919512A06751B007495F2;
			packageReferences = (
				410836242A13FC7E001D4DE2 /* XCRemoteSwiftPackageReference "firebase-ios-sdk" */,
			);
			productRefGroup = 41A9195B2A06751B007495F2 /* Products */;
			projectDirPath = "";
			projectRoot = "";
			targets = (
				41A919592A06751B007495F2 /* iOS CW - COBSCCOMP212P-060 */,
			);
		};
/* End PBXProject section */

/* Begin PBXResourcesBuildPhase section */
		41A919582A06751B007495F2 /* Resources */ = {
			isa = PBXResourcesBuildPhase;
			buildActionMask = 2147483647;
			files = (
				41A9196A2A06751D007495F2 /* LaunchScreen.storyboard in Resources */,
				41A919672A06751D007495F2 /* Assets.xcassets in Resources */,
				410836182A13EC60001D4DE2 /* GoogleService-Info.plist in Resources */,
			);
			runOnlyForDeploymentPostprocessing = 0;
		};
/* End PBXResourcesBuildPhase section */

/* Begin PBXSourcesBuildPhase section */
		41A919562A06751B007495F2 /* Sources */ = {
			isa = PBXSourcesBuildPhase;
			buildActionMask = 2147483647;
			files = (
				410836142A114E54001D4DE2 /* RegisterController.swift in Sources */,
				41A9195E2A06751B007495F2 /* AppDelegate.swift in Sources */,
				410836372A15F11A001D4DE2 /* Workout.swift in Sources */,
				410836042A114ABD001D4DE2 /* AuthHeaderView.swift in Sources */,
				410836322A152DBD001D4DE2 /* SelectGenderViewController.swift in Sources */,
				4108361C2A13F65A001D4DE2 /* AuthService.swift in Sources */,
				4108363E2A15F475001D4DE2 /* ProfileViewController.swift in Sources */,
				410836302A152D5E001D4DE2 /* WorkoutView.swift in Sources */,
				410836202A13F6F6001D4DE2 /* Validator.swift in Sources */,
				410836162A13E8D0001D4DE2 /* LoadingView.swift in Sources */,
				410836392A15F17D001D4DE2 /* ScheduleViewController.swift in Sources */,
				4108361E2A13F6AA001D4DE2 /* AlertManager.swift in Sources */,
				4108363C2A15F401001D4DE2 /* CustomTabBarController.swift in Sources */,
				410836402A15F600001D4DE2 /* WorkoutsCardView.swift in Sources */,
				4108360B2A114D19001D4DE2 /* CustomTextField.swift in Sources */,
				410836232A13F74C001D4DE2 /* User.swift in Sources */,
				41A919602A06751B007495F2 /* SceneDelegate.swift in Sources */,
				410836342A152EAC001D4DE2 /* SelectAgeViewController.swift in Sources */,
				4108362C2A152C07001D4DE2 /* CustomTextView.swift in Sources */,
				410836122A114E0C001D4DE2 /* LoginController.swift in Sources */,
				410836102A114DE6001D4DE2 /* HomeController.swift in Sources */,
				4108362E2A152CC1001D4DE2 /* GenderSelectionButton.swift in Sources */,
				410836072A114C4E001D4DE2 /* OnBoardingViewController.swift in Sources */,
				410836092A114CD3001D4DE2 /* CustomButton.swift in Sources */,
				4108360E2A114DBB001D4DE2 /* ForgetPasswordController.swift in Sources */,
			);
			runOnlyForDeploymentPostprocessing = 0;
		};
/* End PBXSourcesBuildPhase section */

/* Begin PBXVariantGroup section */
		41A919682A06751D007495F2 /* LaunchScreen.storyboard */ = {
			isa = PBXVariantGroup;
			children = (
				41A919692A06751D007495F2 /* Base */,
			);
			name = LaunchScreen.storyboard;
			sourceTree = "<group>";
		};
/* End PBXVariantGroup section */

/* Begin XCBuildConfiguration section */
		41A9196C2A06751D007495F2 /* Debug */ = {
			isa = XCBuildConfiguration;
			buildSettings = {
				ALWAYS_SEARCH_USER_PATHS = NO;
				CLANG_ANALYZER_NONNULL = YES;
				CLANG_ANALYZER_NUMBER_OBJECT_CONVERSION = YES_AGGRESSIVE;
				CLANG_CXX_LANGUAGE_STANDARD = "gnu++20";
				CLANG_ENABLE_MODULES = YES;
				CLANG_ENABLE_OBJC_ARC = YES;
				CLANG_ENABLE_OBJC_WEAK = YES;
				CLANG_WARN_BLOCK_CAPTURE_AUTORELEASING = YES;
				CLANG_WARN_BOOL_CONVERSION = YES;
				CLANG_WARN_COMMA = YES;
				CLANG_WARN_CONSTANT_CONVERSION = YES;
				CLANG_WARN_DEPRECATED_OBJC_IMPLEMENTATIONS = YES;
				CLANG_WARN_DIRECT_OBJC_ISA_USAGE = YES_ERROR;
				CLANG_WARN_DOCUMENTATION_COMMENTS = YES;
				CLANG_WARN_EMPTY_BODY = YES;
				CLANG_WARN_ENUM_CONVERSION = YES;
				CLANG_WARN_INFINITE_RECURSION = YES;
				CLANG_WARN_INT_CONVERSION = YES;
				CLANG_WARN_NON_LITERAL_NULL_CONVERSION = YES;
				CLANG_WARN_OBJC_IMPLICIT_RETAIN_SELF = YES;
				CLANG_WARN_OBJC_LITERAL_CONVERSION = YES;
				CLANG_WARN_OBJC_ROOT_CLASS = YES_ERROR;
				CLANG_WARN_QUOTED_INCLUDE_IN_FRAMEWORK_HEADER = YES;
				CLANG_WARN_RANGE_LOOP_ANALYSIS = YES;
				CLANG_WARN_STRICT_PROTOTYPES = YES;
				CLANG_WARN_SUSPICIOUS_MOVE = YES;
				CLANG_WARN_UNGUARDED_AVAILABILITY = YES_AGGRESSIVE;
				CLANG_WARN_UNREACHABLE_CODE = YES;
				CLANG_WARN__DUPLICATE_METHOD_MATCH = YES;
				COPY_PHASE_STRIP = NO;
				DEBUG_INFORMATION_FORMAT = dwarf;
				ENABLE_STRICT_OBJC_MSGSEND = YES;
				ENABLE_TESTABILITY = YES;
				GCC_C_LANGUAGE_STANDARD = gnu11;
				GCC_DYNAMIC_NO_PIC = NO;
				GCC_NO_COMMON_BLOCKS = YES;
				GCC_OPTIMIZATION_LEVEL = 0;
				GCC_PREPROCESSOR_DEFINITIONS = (
					"DEBUG=1",
					"$(inherited)",
				);
				GCC_WARN_64_TO_32_BIT_CONVERSION = YES;
				GCC_WARN_ABOUT_RETURN_TYPE = YES_ERROR;
				GCC_WARN_UNDECLARED_SELECTOR = YES;
				GCC_WARN_UNINITIALIZED_AUTOS = YES_AGGRESSIVE;
				GCC_WARN_UNUSED_FUNCTION = YES;
				GCC_WARN_UNUSED_VARIABLE = YES;
				IPHONEOS_DEPLOYMENT_TARGET = 16.2;
				MTL_ENABLE_DEBUG_INFO = INCLUDE_SOURCE;
				MTL_FAST_MATH = YES;
				ONLY_ACTIVE_ARCH = YES;
				SDKROOT = iphoneos;
				SWIFT_ACTIVE_COMPILATION_CONDITIONS = DEBUG;
				SWIFT_OPTIMIZATION_LEVEL = "-Onone";
			};
			name = Debug;
		};
		41A9196D2A06751D007495F2 /* Release */ = {
			isa = XCBuildConfiguration;
			buildSettings = {
				ALWAYS_SEARCH_USER_PATHS = NO;
				CLANG_ANALYZER_NONNULL = YES;
				CLANG_ANALYZER_NUMBER_OBJECT_CONVERSION = YES_AGGRESSIVE;
				CLANG_CXX_LANGUAGE_STANDARD = "gnu++20";
				CLANG_ENABLE_MODULES = YES;
				CLANG_ENABLE_OBJC_ARC = YES;
				CLANG_ENABLE_OBJC_WEAK = YES;
				CLANG_WARN_BLOCK_CAPTURE_AUTORELEASING = YES;
				CLANG_WARN_BOOL_CONVERSION = YES;
				CLANG_WARN_COMMA = YES;
				CLANG_WARN_CONSTANT_CONVERSION = YES;
				CLANG_WARN_DEPRECATED_OBJC_IMPLEMENTATIONS = YES;
				CLANG_WARN_DIRECT_OBJC_ISA_USAGE = YES_ERROR;
				CLANG_WARN_DOCUMENTATION_COMMENTS = YES;
				CLANG_WARN_EMPTY_BODY = YES;
				CLANG_WARN_ENUM_CONVERSION = YES;
				CLANG_WARN_INFINITE_RECURSION = YES;
				CLANG_WARN_INT_CONVERSION = YES;
				CLANG_WARN_NON_LITERAL_NULL_CONVERSION = YES;
				CLANG_WARN_OBJC_IMPLICIT_RETAIN_SELF = YES;
				CLANG_WARN_OBJC_LITERAL_CONVERSION = YES;
				CLANG_WARN_OBJC_ROOT_CLASS = YES_ERROR;
				CLANG_WARN_QUOTED_INCLUDE_IN_FRAMEWORK_HEADER = YES;
				CLANG_WARN_RANGE_LOOP_ANALYSIS = YES;
				CLANG_WARN_STRICT_PROTOTYPES = YES;
				CLANG_WARN_SUSPICIOUS_MOVE = YES;
				CLANG_WARN_UNGUARDED_AVAILABILITY = YES_AGGRESSIVE;
				CLANG_WARN_UNREACHABLE_CODE = YES;
				CLANG_WARN__DUPLICATE_METHOD_MATCH = YES;
				COPY_PHASE_STRIP = NO;
				DEBUG_INFORMATION_FORMAT = "dwarf-with-dsym";
				ENABLE_NS_ASSERTIONS = NO;
				ENABLE_STRICT_OBJC_MSGSEND = YES;
				GCC_C_LANGUAGE_STANDARD = gnu11;
				GCC_NO_COMMON_BLOCKS = YES;
				GCC_WARN_64_TO_32_BIT_CONVERSION = YES;
				GCC_WARN_ABOUT_RETURN_TYPE = YES_ERROR;
				GCC_WARN_UNDECLARED_SELECTOR = YES;
				GCC_WARN_UNINITIALIZED_AUTOS = YES_AGGRESSIVE;
				GCC_WARN_UNUSED_FUNCTION = YES;
				GCC_WARN_UNUSED_VARIABLE = YES;
				IPHONEOS_DEPLOYMENT_TARGET = 16.2;
				MTL_ENABLE_DEBUG_INFO = NO;
				MTL_FAST_MATH = YES;
				SDKROOT = iphoneos;
				SWIFT_COMPILATION_MODE = wholemodule;
				SWIFT_OPTIMIZATION_LEVEL = "-O";
				VALIDATE_PRODUCT = YES;
			};
			name = Release;
		};
		41A9196F2A06751D007495F2 /* Debug */ = {
			isa = XCBuildConfiguration;
			buildSettings = {
				ASSETCATALOG_COMPILER_APPICON_NAME = AppIcon;
				ASSETCATALOG_COMPILER_GLOBAL_ACCENT_COLOR_NAME = AccentColor;
				CODE_SIGN_STYLE = Automatic;
				CURRENT_PROJECT_VERSION = 1;
				DEVELOPMENT_TEAM = 42VB8BLHG5;
				GENERATE_INFOPLIST_FILE = YES;
				INFOPLIST_FILE = "iOS CW - COBSCCOMP212P-060/Info.plist";
				INFOPLIST_KEY_UIApplicationSupportsIndirectInputEvents = YES;
				INFOPLIST_KEY_UILaunchStoryboardName = LaunchScreen;
				INFOPLIST_KEY_UIMainStoryboardFile = "";
				INFOPLIST_KEY_UISupportedInterfaceOrientations_iPad = "UIInterfaceOrientationPortrait UIInterfaceOrientationPortraitUpsideDown UIInterfaceOrientationLandscapeLeft UIInterfaceOrientationLandscapeRight";
				INFOPLIST_KEY_UISupportedInterfaceOrientations_iPhone = "UIInterfaceOrientationPortrait UIInterfaceOrientationLandscapeLeft UIInterfaceOrientationLandscapeRight";
				LD_RUNPATH_SEARCH_PATHS = (
					"$(inherited)",
					"@executable_path/Frameworks",
				);
				MARKETING_VERSION = 1.0;
				PRODUCT_BUNDLE_IDENTIFIER = "lk.isini.iOS-CW---COBSCCOMP212P-060";
				PRODUCT_NAME = "$(TARGET_NAME)";
				SWIFT_EMIT_LOC_STRINGS = YES;
				SWIFT_VERSION = 5.0;
				TARGETED_DEVICE_FAMILY = "1,2";
			};
			name = Debug;
		};
		41A919702A06751D007495F2 /* Release */ = {
			isa = XCBuildConfiguration;
			buildSettings = {
				ASSETCATALOG_COMPILER_APPICON_NAME = AppIcon;
				ASSETCATALOG_COMPILER_GLOBAL_ACCENT_COLOR_NAME = AccentColor;
				CODE_SIGN_STYLE = Automatic;
				CURRENT_PROJECT_VERSION = 1;
				DEVELOPMENT_TEAM = 42VB8BLHG5;
				GENERATE_INFOPLIST_FILE = YES;
				INFOPLIST_FILE = "iOS CW - COBSCCOMP212P-060/Info.plist";
				INFOPLIST_KEY_UIApplicationSupportsIndirectInputEvents = YES;
				INFOPLIST_KEY_UILaunchStoryboardName = LaunchScreen;
				INFOPLIST_KEY_UIMainStoryboardFile = "";
				INFOPLIST_KEY_UISupportedInterfaceOrientations_iPad = "UIInterfaceOrientationPortrait UIInterfaceOrientationPortraitUpsideDown UIInterfaceOrientationLandscapeLeft UIInterfaceOrientationLandscapeRight";
				INFOPLIST_KEY_UISupportedInterfaceOrientations_iPhone = "UIInterfaceOrientationPortrait UIInterfaceOrientationLandscapeLeft UIInterfaceOrientationLandscapeRight";
				LD_RUNPATH_SEARCH_PATHS = (
					"$(inherited)",
					"@executable_path/Frameworks",
				);
				MARKETING_VERSION = 1.0;
				PRODUCT_BUNDLE_IDENTIFIER = "lk.isini.iOS-CW---COBSCCOMP212P-060";
				PRODUCT_NAME = "$(TARGET_NAME)";
				SWIFT_EMIT_LOC_STRINGS = YES;
				SWIFT_VERSION = 5.0;
				TARGETED_DEVICE_FAMILY = "1,2";
			};
			name = Release;
		};
/* End XCBuildConfiguration section */

/* Begin XCConfigurationList section */
		41A919552A06751B007495F2 /* Build configuration list for PBXProject "iOS CW - COBSCCOMP212P-060" */ = {
			isa = XCConfigurationList;
			buildConfigurations = (
				41A9196C2A06751D007495F2 /* Debug */,
				41A9196D2A06751D007495F2 /* Release */,
			);
			defaultConfigurationIsVisible = 0;
			defaultConfigurationName = Release;
		};
		41A9196E2A06751D007495F2 /* Build configuration list for PBXNativeTarget "iOS CW - COBSCCOMP212P-060" */ = {
			isa = XCConfigurationList;
			buildConfigurations = (
				41A9196F2A06751D007495F2 /* Debug */,
				41A919702A06751D007495F2 /* Release */,
			);
			defaultConfigurationIsVisible = 0;
			defaultConfigurationName = Release;
		};
/* End XCConfigurationList section */

/* Begin XCRemoteSwiftPackageReference section */
		410836242A13FC7E001D4DE2 /* XCRemoteSwiftPackageReference "firebase-ios-sdk" */ = {
			isa = XCRemoteSwiftPackageReference;
			repositoryURL = "https://github.com/firebase/firebase-ios-sdk";
			requirement = {
				branch = master;
				kind = branch;
			};
		};
/* End XCRemoteSwiftPackageReference section */

/* Begin XCSwiftPackageProductDependency section */
		410836252A13FC7E001D4DE2 /* FirebaseAuth */ = {
			isa = XCSwiftPackageProductDependency;
			package = 410836242A13FC7E001D4DE2 /* XCRemoteSwiftPackageReference "firebase-ios-sdk" */;
			productName = FirebaseAuth;
		};
		410836272A13FC7E001D4DE2 /* FirebaseFirestore */ = {
			isa = XCSwiftPackageProductDependency;
			package = 410836242A13FC7E001D4DE2 /* XCRemoteSwiftPackageReference "firebase-ios-sdk" */;
			productName = FirebaseFirestore;
		};
		410836292A13FC7E001D4DE2 /* FirebaseStorage */ = {
			isa = XCSwiftPackageProductDependency;
			package = 410836242A13FC7E001D4DE2 /* XCRemoteSwiftPackageReference "firebase-ios-sdk" */;
			productName = FirebaseStorage;
		};
/* End XCSwiftPackageProductDependency section */
	};
	rootObject = 41A919522A06751B007495F2 /* Project object */;
}
